
Microsoft Visual Studio Solution File, Format Version 12.00
# Visual Studio Version 17
VisualStudioVersion = 17.8.34322.80
MinimumVisualStudioVersion = 10.0.40219.1
Project("{9A19103F-16F7-4668-BE54-9A1E7A4F7556}") = "TechChallengeFiap", "TechChallengeFiap.csproj", "{FFF1C194-9D05-4E5E-9C3C-DA6B66C8A21C}"
EndProject
Project("{9A19103F-16F7-4668-BE54-9A1E7A4F7556}") = "TechChallengeFiap.Tests", "..\TechChallengeFiap.Tests\TechChallengeFiap.Tests.csproj", "{486D8859-1627-4B2A-9122-880FB2B25904}"
	ProjectSection(ProjectDependencies) = postProject
		{18DCAE77-B646-466E-B512-8783ECCA81A4} = {18DCAE77-B646-466E-B512-8783ECCA81A4}
		{5595EE68-2D4B-4AEF-A2F7-4713B6BA3175} = {5595EE68-2D4B-4AEF-A2F7-4713B6BA3175}
	EndProjectSection
EndProject
Project("{9A19103F-16F7-4668-BE54-9A1E7A4F7556}") = "TechChallengeFiap.Tests.Integration", "..\TechChallengeFiap.Tests.Integration\TechChallengeFiap.Tests.Integration.csproj", "{109227A1-840E-4BCD-B465-DD47065D1F79}"
	ProjectSection(ProjectDependencies) = postProject
		{FFF1C194-9D05-4E5E-9C3C-DA6B66C8A21C} = {FFF1C194-9D05-4E5E-9C3C-DA6B66C8A21C}
	EndProjectSection
EndProject
Project("{9A19103F-16F7-4668-BE54-9A1E7A4F7556}") = "TechChallengeFiapConsumerAdd", "..\TechChallengeFiapConsumer\TechChallengeFiapConsumerAdd.csproj", "{3550F9AE-2AAD-403F-BD68-08EC0336A5AD}"
EndProject
Project("{9A19103F-16F7-4668-BE54-9A1E7A4F7556}") = "TechChallengeFiapConsumerDelete", "..\TechChallengeFiapConsumerDelete\TechChallengeFiapConsumerDelete.csproj", "{79EAD99C-0894-44A3-A9B9-7B4AB90F5987}"
EndProject
Project("{9A19103F-16F7-4668-BE54-9A1E7A4F7556}") = "TechChallengeFiapConsumerUpdate", "..\TechChallengeFiapConsumerEdit\TechChallengeFiapConsumerUpdate.csproj", "{CEA1300D-2D37-45CA-AABB-ECD22FFFF868}"
EndProject
Project("{9A19103F-16F7-4668-BE54-9A1E7A4F7556}") = "TechChallengeFiapAdd", "..\TechChallengeFiapAdd\TechChallengeFiapAdd.csproj", "{9F17A96E-100C-4129-A9AF-94935FF6BD0A}"
EndProject
Project("{9A19103F-16F7-4668-BE54-9A1E7A4F7556}") = "TechChallengeFiapDelete", "..\TechChallengeFiapDelete\TechChallengeFiapDelete.csproj", "{18DCAE77-B646-466E-B512-8783ECCA81A4}"
EndProject
Project("{9A19103F-16F7-4668-BE54-9A1E7A4F7556}") = "TechChallengeFiapUpdate", "..\TechChallengeFiapUpdate\TechChallengeFiapUpdate.csproj", "{5595EE68-2D4B-4AEF-A2F7-4713B6BA3175}"
EndProject
Project("{FAE04EC0-301F-11D3-BF4B-00C04F79EFBC}") = "TechChallengeFiapApiGateway", "..\TechChallengeFiapApiGateway\TechChallengeFiapApiGateway.csproj", "{9EA32CE3-0978-48D5-9926-3C69B959C367}"
EndProject
Project("{FAE04EC0-301F-11D3-BF4B-00C04F79EFBC}") = "TechChallengeFiap.Function", "..\TechChallengeFiap.Function\TechChallengeFiap.Function.csproj", "{6B866F88-03E2-4A44-A23D-D0283720D29B}"
EndProject
Global
	GlobalSection(SolutionConfigurationPlatforms) = preSolution
		Debug|Any CPU = Debug|Any CPU
		Release|Any CPU = Release|Any CPU
	EndGlobalSection
	GlobalSection(ProjectConfigurationPlatforms) = postSolution
		{FFF1C194-9D05-4E5E-9C3C-DA6B66C8A21C}.Debug|Any CPU.ActiveCfg = Debug|Any CPU
		{FFF1C194-9D05-4E5E-9C3C-DA6B66C8A21C}.Debug|Any CPU.Build.0 = Debug|Any CPU
		{FFF1C194-9D05-4E5E-9C3C-DA6B66C8A21C}.Release|Any CPU.ActiveCfg = Release|Any CPU
		{FFF1C194-9D05-4E5E-9C3C-DA6B66C8A21C}.Release|Any CPU.Build.0 = Release|Any CPU
		{486D8859-1627-4B2A-9122-880FB2B25904}.Debug|Any CPU.ActiveCfg = Debug|Any CPU
		{486D8859-1627-4B2A-9122-880FB2B25904}.Debug|Any CPU.Build.0 = Debug|Any CPU
		{486D8859-1627-4B2A-9122-880FB2B25904}.Release|Any CPU.ActiveCfg = Release|Any CPU
		{486D8859-1627-4B2A-9122-880FB2B25904}.Release|Any CPU.Build.0 = Release|Any CPU
		{109227A1-840E-4BCD-B465-DD47065D1F79}.Debug|Any CPU.ActiveCfg = Debug|Any CPU
		{109227A1-840E-4BCD-B465-DD47065D1F79}.Debug|Any CPU.Build.0 = Debug|Any CPU
		{109227A1-840E-4BCD-B465-DD47065D1F79}.Release|Any CPU.ActiveCfg = Release|Any CPU
		{109227A1-840E-4BCD-B465-DD47065D1F79}.Release|Any CPU.Build.0 = Release|Any CPU
		{3550F9AE-2AAD-403F-BD68-08EC0336A5AD}.Debug|Any CPU.ActiveCfg = Debug|Any CPU
		{3550F9AE-2AAD-403F-BD68-08EC0336A5AD}.Debug|Any CPU.Build.0 = Debug|Any CPU
		{3550F9AE-2AAD-403F-BD68-08EC0336A5AD}.Release|Any CPU.ActiveCfg = Release|Any CPU
		{3550F9AE-2AAD-403F-BD68-08EC0336A5AD}.Release|Any CPU.Build.0 = Release|Any CPU
		{79EAD99C-0894-44A3-A9B9-7B4AB90F5987}.Debug|Any CPU.ActiveCfg = Debug|Any CPU
		{79EAD99C-0894-44A3-A9B9-7B4AB90F5987}.Debug|Any CPU.Build.0 = Debug|Any CPU
		{79EAD99C-0894-44A3-A9B9-7B4AB90F5987}.Release|Any CPU.ActiveCfg = Release|Any CPU
		{79EAD99C-0894-44A3-A9B9-7B4AB90F5987}.Release|Any CPU.Build.0 = Release|Any CPU
		{CEA1300D-2D37-45CA-AABB-ECD22FFFF868}.Debug|Any CPU.ActiveCfg = Debug|Any CPU
		{CEA1300D-2D37-45CA-AABB-ECD22FFFF868}.Debug|Any CPU.Build.0 = Debug|Any CPU
		{CEA1300D-2D37-45CA-AABB-ECD22FFFF868}.Release|Any CPU.ActiveCfg = Release|Any CPU
		{CEA1300D-2D37-45CA-AABB-ECD22FFFF868}.Release|Any CPU.Build.0 = Release|Any CPU
		{9F17A96E-100C-4129-A9AF-94935FF6BD0A}.Debug|Any CPU.ActiveCfg = Debug|Any CPU
		{9F17A96E-100C-4129-A9AF-94935FF6BD0A}.Debug|Any CPU.Build.0 = Debug|Any CPU
		{9F17A96E-100C-4129-A9AF-94935FF6BD0A}.Release|Any CPU.ActiveCfg = Release|Any CPU
		{9F17A96E-100C-4129-A9AF-94935FF6BD0A}.Release|Any CPU.Build.0 = Release|Any CPU
		{18DCAE77-B646-466E-B512-8783ECCA81A4}.Debug|Any CPU.ActiveCfg = Debug|Any CPU
		{18DCAE77-B646-466E-B512-8783ECCA81A4}.Debug|Any CPU.Build.0 = Debug|Any CPU
		{18DCAE77-B646-466E-B512-8783ECCA81A4}.Release|Any CPU.ActiveCfg = Release|Any CPU
		{18DCAE77-B646-466E-B512-8783ECCA81A4}.Release|Any CPU.Build.0 = Release|Any CPU
		{5595EE68-2D4B-4AEF-A2F7-4713B6BA3175}.Debug|Any CPU.ActiveCfg = Debug|Any CPU
		{5595EE68-2D4B-4AEF-A2F7-4713B6BA3175}.Debug|Any CPU.Build.0 = Debug|Any CPU
		{5595EE68-2D4B-4AEF-A2F7-4713B6BA3175}.Release|Any CPU.ActiveCfg = Release|Any CPU
		{5595EE68-2D4B-4AEF-A2F7-4713B6BA3175}.Release|Any CPU.Build.0 = Release|Any CPU
		{9EA32CE3-0978-48D5-9926-3C69B959C367}.Debug|Any CPU.ActiveCfg = Debug|Any CPU
		{9EA32CE3-0978-48D5-9926-3C69B959C367}.Debug|Any CPU.Build.0 = Debug|Any CPU
		{9EA32CE3-0978-48D5-9926-3C69B959C367}.Release|Any CPU.ActiveCfg = Release|Any CPU
		{9EA32CE3-0978-48D5-9926-3C69B959C367}.Release|Any CPU.Build.0 = Release|Any CPU
		{6B866F88-03E2-4A44-A23D-D0283720D29B}.Debug|Any CPU.ActiveCfg = Debug|Any CPU
		{6B866F88-03E2-4A44-A23D-D0283720D29B}.Debug|Any CPU.Build.0 = Debug|Any CPU
		{6B866F88-03E2-4A44-A23D-D0283720D29B}.Release|Any CPU.ActiveCfg = Release|Any CPU
		{6B866F88-03E2-4A44-A23D-D0283720D29B}.Release|Any CPU.Build.0 = Release|Any CPU
	EndGlobalSection
	GlobalSection(SolutionProperties) = preSolution
		HideSolutionNode = FALSE
	EndGlobalSection
	GlobalSection(ExtensibilityGlobals) = postSolution
		SolutionGuid = {B5CAD532-2FCA-4F02-8247-C565B77394E3}
	EndGlobalSection
EndGlobal
